
Microsoft Visual Studio Solution File, Format Version 12.00
# Visual Studio Version 16
VisualStudioVersion = 16.0.30804.86
MinimumVisualStudioVersion = 10.0.40219.1
Project("{FAE04EC0-301F-11D3-BF4B-00C04F79EFBC}") = "QR shot", "QR shot\QR shot.csproj", "{72B69D39-7028-4F39-9EEC-01551A763E8F}"
EndProject
Global
	GlobalSection(SolutionConfigurationPlatforms) = preSolution
		Debug|Any CPU = Debug|Any CPU
		Release|Any CPU = Release|Any CPU
	EndGlobalSection
	GlobalSection(ProjectConfigurationPlatforms) = postSolution
		{72B69D39-7028-4F39-9EEC-01551A763E8F}.Debug|Any CPU.ActiveCfg = Debug|Any CPU
		{72B69D39-7028-4F39-9EEC-01551A763E8F}.Debug|Any CPU.Build.0 = Debug|Any CPU
		{72B69D39-7028-4F39-9EEC-01551A763E8F}.Release|Any CPU.ActiveCfg = Release|Any CPU
		{72B69D39-7028-4F39-9EEC-01551A763E8F}.Release|Any CPU.Build.0 = Release|Any CPU
	EndGlobalSection
	GlobalSection(SolutionProperties) = preSolution
		HideSolutionNode = FALSE
	EndGlobalSection
	GlobalSection(ExtensibilityGlobals) = postSolution
		SolutionGuid = {6FFE3C8A-88D7-4574-87E9-7DF5B52FF969}
	EndGlobalSection
EndGlobal
